
Microsoft Visual Studio Solution File, Format Version 12.00
# Visual Studio Version 17
VisualStudioVersion = 17.0.32014.148
MinimumVisualStudioVersion = 10.0.40219.1
Project("{FAE04EC0-301F-11D3-BF4B-00C04F79EFBC}") = "FastFoodAPI", "FastFoodAPI\FastFoodAPI.csproj", "{C9C4780A-3EF6-490A-9192-AAD509E66A40}"
EndProject
Global
	GlobalSection(SolutionConfigurationPlatforms) = preSolution
		Debug|Any CPU = Debug|Any CPU
		Release|Any CPU = Release|Any CPU
	EndGlobalSection
	GlobalSection(ProjectConfigurationPlatforms) = postSolution
		{C9C4780A-3EF6-490A-9192-AAD509E66A40}.Debug|Any CPU.ActiveCfg = Debug|Any CPU
		{C9C4780A-3EF6-490A-9192-AAD509E66A40}.Debug|Any CPU.Build.0 = Debug|Any CPU
		{C9C4780A-3EF6-490A-9192-AAD509E66A40}.Release|Any CPU.ActiveCfg = Release|Any CPU
		{C9C4780A-3EF6-490A-9192-AAD509E66A40}.Release|Any CPU.Build.0 = Release|Any CPU
	EndGlobalSection
	GlobalSection(SolutionProperties) = preSolution
		HideSolutionNode = FALSE
	EndGlobalSection
	GlobalSection(ExtensibilityGlobals) = postSolution
		SolutionGuid = {C1134225-3809-433C-9086-BDB580BD6B36}
	EndGlobalSection
EndGlobal
